// !$*UTF8*$!
{
	archiveVersion = 1;
	classes = {
	};
	objectVersion = 50;
	objects = {

/* Begin PBXBuildFile section */
		B3845E5B21FC6253009BC4A8 /* AppDelegate.m in Sources */ = {isa = PBXBuildFile; fileRef = B3845E5A21FC6253009BC4A8 /* AppDelegate.m */; };
		B3845E5D21FC6254009BC4A8 /* Assets.xcassets in Resources */ = {isa = PBXBuildFile; fileRef = B3845E5C21FC6254009BC4A8 /* Assets.xcassets */; };
		B3845E6021FC6254009BC4A8 /* MainMenu.xib in Resources */ = {isa = PBXBuildFile; fileRef = B3845E5E21FC6254009BC4A8 /* MainMenu.xib */; };
		B3845E6321FC6254009BC4A8 /* main.m in Sources */ = {isa = PBXBuildFile; fileRef = B3845E6221FC6254009BC4A8 /* main.m */; };
		B3845E6E21FC6254009BC4A8 /* QRCatcherTests.m in Sources */ = {isa = PBXBuildFile; fileRef = B3845E6D21FC6254009BC4A8 /* QRCatcherTests.m */; };
		B3845E9021FC669F009BC4A8 /* AXStatusItemPopup.m in Sources */ = {isa = PBXBuildFile; fileRef = B3845E8E21FC669F009BC4A8 /* AXStatusItemPopup.m */; };
		B3845E9421FC66C0009BC4A8 /* ContentViewController.xib in Resources */ = {isa = PBXBuildFile; fileRef = B3845E9121FC66BF009BC4A8 /* ContentViewController.xib */; };
		B3845E9521FC66C0009BC4A8 /* ContentViewController.m in Sources */ = {isa = PBXBuildFile; fileRef = B3845E9221FC66C0009BC4A8 /* ContentViewController.m */; };
		B3845E9B21FC66E8009BC4A8 /* QrCatch.png in Resources */ = {isa = PBXBuildFile; fileRef = B3845E9721FC66E8009BC4A8 /* QrCatch.png */; };
		B3845E9C21FC66E8009BC4A8 /* QrCatch@2x.png in Resources */ = {isa = PBXBuildFile; fileRef = B3845E9821FC66E8009BC4A8 /* QrCatch@2x.png */; };
		B3845E9D21FC66E8009BC4A8 /* QrCatchWhite.png in Resources */ = {isa = PBXBuildFile; fileRef = B3845E9921FC66E8009BC4A8 /* QrCatchWhite.png */; };
		B3845E9E21FC66E8009BC4A8 /* QrCatchWhite@2x.png in Resources */ = {isa = PBXBuildFile; fileRef = B3845E9A21FC66E8009BC4A8 /* QrCatchWhite@2x.png */; };
		B3845EA121FC677F009BC4A8 /* Utils.m in Sources */ = {isa = PBXBuildFile; fileRef = B3845EA021FC677F009BC4A8 /* Utils.m */; };
		B3845EA521FE1031009BC4A8 /* QRCodeHelper.m in Sources */ = {isa = PBXBuildFile; fileRef = B3845EA421FE1031009BC4A8 /* QRCodeHelper.m */; };
/* End PBXBuildFile section */

/* Begin PBXContainerItemProxy section */
		B3845E6A21FC6254009BC4A8 /* PBXContainerItemProxy */ = {
			isa = PBXContainerItemProxy;
			containerPortal = B3845E4E21FC6253009BC4A8 /* Project object */;
			proxyType = 1;
			remoteGlobalIDString = B3845E5521FC6253009BC4A8;
			remoteInfo = QRCatcher;
		};
/* End PBXContainerItemProxy section */

/* Begin PBXFileReference section */
		B3845E5621FC6253009BC4A8 /* QRCatcher.app */ = {isa = PBXFileReference; explicitFileType = wrapper.application; includeInIndex = 0; path = QRCatcher.app; sourceTree = BUILT_PRODUCTS_DIR; };
		B3845E5921FC6253009BC4A8 /* AppDelegate.h */ = {isa = PBXFileReference; lastKnownFileType = sourcecode.c.h; path = AppDelegate.h; sourceTree = "<group>"; };
		B3845E5A21FC6253009BC4A8 /* AppDelegate.m */ = {isa = PBXFileReference; lastKnownFileType = sourcecode.c.objc; path = AppDelegate.m; sourceTree = "<group>"; };
		B3845E5C21FC6254009BC4A8 /* Assets.xcassets */ = {isa = PBXFileReference; lastKnownFileType = folder.assetcatalog; path = Assets.xcassets; sourceTree = "<group>"; };
		B3845E5F21FC6254009BC4A8 /* Base */ = {isa = PBXFileReference; lastKnownFileType = file.xib; name = Base; path = Base.lproj/MainMenu.xib; sourceTree = "<group>"; };
		B3845E6121FC6254009BC4A8 /* Info.plist */ = {isa = PBXFileReference; lastKnownFileType = text.plist.xml; path = Info.plist; sourceTree = "<group>"; };
		B3845E6221FC6254009BC4A8 /* main.m */ = {isa = PBXFileReference; lastKnownFileType = sourcecode.c.objc; path = main.m; sourceTree = "<group>"; };
		B3845E6421FC6254009BC4A8 /* QRCatcher.entitlements */ = {isa = PBXFileReference; lastKnownFileType = text.plist.entitlements; path = QRCatcher.entitlements; sourceTree = "<group>"; };
		B3845E6921FC6254009BC4A8 /* QRCatcherTests.xctest */ = {isa = PBXFileReference; explicitFileType = wrapper.cfbundle; includeInIndex = 0; path = QRCatcherTests.xctest; sourceTree = BUILT_PRODUCTS_DIR; };
		B3845E6D21FC6254009BC4A8 /* QRCatcherTests.m */ = {isa = PBXFileReference; lastKnownFileType = sourcecode.c.objc; path = QRCatcherTests.m; sourceTree = "<group>"; };
		B3845E6F21FC6254009BC4A8 /* Info.plist */ = {isa = PBXFileReference; lastKnownFileType = text.plist.xml; path = Info.plist; sourceTree = "<group>"; };
		B3845E8E21FC669F009BC4A8 /* AXStatusItemPopup.m */ = {isa = PBXFileReference; fileEncoding = 4; lastKnownFileType = sourcecode.c.objc; path = AXStatusItemPopup.m; sourceTree = "<group>"; };
		B3845E8F21FC669F009BC4A8 /* AXStatusItemPopup.h */ = {isa = PBXFileReference; fileEncoding = 4; lastKnownFileType = sourcecode.c.h; path = AXStatusItemPopup.h; sourceTree = "<group>"; };
		B3845E9121FC66BF009BC4A8 /* ContentViewController.xib */ = {isa = PBXFileReference; fileEncoding = 4; lastKnownFileType = file.xib; path = ContentViewController.xib; sourceTree = "<group>"; };
		B3845E9221FC66C0009BC4A8 /* ContentViewController.m */ = {isa = PBXFileReference; fileEncoding = 4; lastKnownFileType = sourcecode.c.objc; path = ContentViewController.m; sourceTree = "<group>"; };
		B3845E9321FC66C0009BC4A8 /* ContentViewController.h */ = {isa = PBXFileReference; fileEncoding = 4; lastKnownFileType = sourcecode.c.h; path = ContentViewController.h; sourceTree = "<group>"; };
		B3845E9721FC66E8009BC4A8 /* QrCatch.png */ = {isa = PBXFileReference; lastKnownFileType = image.png; path = QrCatch.png; sourceTree = "<group>"; };
		B3845E9821FC66E8009BC4A8 /* QrCatch@2x.png */ = {isa = PBXFileReference; lastKnownFileType = image.png; path = "QrCatch@2x.png"; sourceTree = "<group>"; };
		B3845E9921FC66E8009BC4A8 /* QrCatchWhite.png */ = {isa = PBXFileReference; lastKnownFileType = image.png; path = QrCatchWhite.png; sourceTree = "<group>"; };
		B3845E9A21FC66E8009BC4A8 /* QrCatchWhite@2x.png */ = {isa = PBXFileReference; lastKnownFileType = image.png; path = "QrCatchWhite@2x.png"; sourceTree = "<group>"; };
		B3845E9F21FC677E009BC4A8 /* Utils.h */ = {isa = PBXFileReference; fileEncoding = 4; lastKnownFileType = sourcecode.c.h; path = Utils.h; sourceTree = "<group>"; };
		B3845EA021FC677F009BC4A8 /* Utils.m */ = {isa = PBXFileReference; fileEncoding = 4; lastKnownFileType = sourcecode.c.objc; path = Utils.m; sourceTree = "<group>"; };
		B3845EA321FE1031009BC4A8 /* QRCodeHelper.h */ = {isa = PBXFileReference; lastKnownFileType = sourcecode.c.h; path = QRCodeHelper.h; sourceTree = "<group>"; };
		B3845EA421FE1031009BC4A8 /* QRCodeHelper.m */ = {isa = PBXFileReference; lastKnownFileType = sourcecode.c.objc; path = QRCodeHelper.m; sourceTree = "<group>"; };
/* End PBXFileReference section */

/* Begin PBXFrameworksBuildPhase section */
		B3845E5321FC6253009BC4A8 /* Frameworks */ = {
			isa = PBXFrameworksBuildPhase;
			buildActionMask = 2147483647;
			files = (
			);
			runOnlyForDeploymentPostprocessing = 0;
		};
		B3845E6621FC6254009BC4A8 /* Frameworks */ = {
			isa = PBXFrameworksBuildPhase;
			buildActionMask = 2147483647;
			files = (
			);
			runOnlyForDeploymentPostprocessing = 0;
		};
/* End PBXFrameworksBuildPhase section */

/* Begin PBXGroup section */
		B3845E4D21FC6253009BC4A8 = {
			isa = PBXGroup;
			children = (
				B3845E5821FC6253009BC4A8 /* QRCatcher */,
				B3845E6C21FC6254009BC4A8 /* QRCatcherTests */,
				B3845E5721FC6253009BC4A8 /* Products */,
			);
			sourceTree = "<group>";
		};
		B3845E5721FC6253009BC4A8 /* Products */ = {
			isa = PBXGroup;
			children = (
				B3845E5621FC6253009BC4A8 /* QRCatcher.app */,
				B3845E6921FC6254009BC4A8 /* QRCatcherTests.xctest */,
			);
			name = Products;
			sourceTree = "<group>";
		};
		B3845E5821FC6253009BC4A8 /* QRCatcher */ = {
			isa = PBXGroup;
			children = (
				B3845E9621FC66D2009BC4A8 /* Resources */,
				B3845E8D21FC669F009BC4A8 /* AXStatusItemPopup */,
				B3845E7921FC659D009BC4A8 /* Code */,
				B3845E7A21FC65AA009BC4A8 /* Supporting Files */,
				B3845E5C21FC6254009BC4A8 /* Assets.xcassets */,
			);
			path = QRCatcher;
			sourceTree = "<group>";
		};
		B3845E6C21FC6254009BC4A8 /* QRCatcherTests */ = {
			isa = PBXGroup;
			children = (
				B3845E6D21FC6254009BC4A8 /* QRCatcherTests.m */,
				B3845E6F21FC6254009BC4A8 /* Info.plist */,
			);
			path = QRCatcherTests;
			sourceTree = "<group>";
		};
		B3845E7921FC659D009BC4A8 /* Code */ = {
			isa = PBXGroup;
			children = (
				B3845E9F21FC677E009BC4A8 /* Utils.h */,
				B3845EA021FC677F009BC4A8 /* Utils.m */,
				B3845E5921FC6253009BC4A8 /* AppDelegate.h */,
				B3845E5A21FC6253009BC4A8 /* AppDelegate.m */,
				B3845E5E21FC6254009BC4A8 /* MainMenu.xib */,
				B3845E9321FC66C0009BC4A8 /* ContentViewController.h */,
				B3845E9221FC66C0009BC4A8 /* ContentViewController.m */,
				B3845E9121FC66BF009BC4A8 /* ContentViewController.xib */,
				B3845EA321FE1031009BC4A8 /* QRCodeHelper.h */,
				B3845EA421FE1031009BC4A8 /* QRCodeHelper.m */,
			);
			path = Code;
			sourceTree = "<group>";
		};
		B3845E7A21FC65AA009BC4A8 /* Supporting Files */ = {
			isa = PBXGroup;
			children = (
				B3845E6121FC6254009BC4A8 /* Info.plist */,
				B3845E6221FC6254009BC4A8 /* main.m */,
				B3845E6421FC6254009BC4A8 /* QRCatcher.entitlements */,
			);
			name = "Supporting Files";
			sourceTree = "<group>";
		};
		B3845E8D21FC669F009BC4A8 /* AXStatusItemPopup */ = {
			isa = PBXGroup;
			children = (
				B3845E8E21FC669F009BC4A8 /* AXStatusItemPopup.m */,
				B3845E8F21FC669F009BC4A8 /* AXStatusItemPopup.h */,
			);
			path = AXStatusItemPopup;
			sourceTree = "<group>";
		};
		B3845E9621FC66D2009BC4A8 /* Resources */ = {
			isa = PBXGroup;
			children = (
				B3845E9721FC66E8009BC4A8 /* QrCatch.png */,
				B3845E9821FC66E8009BC4A8 /* QrCatch@2x.png */,
				B3845E9921FC66E8009BC4A8 /* QrCatchWhite.png */,
				B3845E9A21FC66E8009BC4A8 /* QrCatchWhite@2x.png */,
			);
			path = Resources;
			sourceTree = "<group>";
		};
/* End PBXGroup section */

/* Begin PBXNativeTarget section */
		B3845E5521FC6253009BC4A8 /* QRCatcher */ = {
			isa = PBXNativeTarget;
			buildConfigurationList = B3845E7221FC6254009BC4A8 /* Build configuration list for PBXNativeTarget "QRCatcher" */;
			buildPhases = (
				B3845E5221FC6253009BC4A8 /* Sources */,
				B3845E5321FC6253009BC4A8 /* Frameworks */,
				B3845E5421FC6253009BC4A8 /* Resources */,
			);
			buildRules = (
			);
			dependencies = (
			);
			name = QRCatcher;
			productName = QRCatcher;
			productReference = B3845E5621FC6253009BC4A8 /* QRCatcher.app */;
			productType = "com.apple.product-type.application";
		};
		B3845E6821FC6254009BC4A8 /* QRCatcherTests */ = {
			isa = PBXNativeTarget;
			buildConfigurationList = B3845E7521FC6254009BC4A8 /* Build configuration list for PBXNativeTarget "QRCatcherTests" */;
			buildPhases = (
				B3845E6521FC6254009BC4A8 /* Sources */,
				B3845E6621FC6254009BC4A8 /* Frameworks */,
				B3845E6721FC6254009BC4A8 /* Resources */,
			);
			buildRules = (
			);
			dependencies = (
				B3845E6B21FC6254009BC4A8 /* PBXTargetDependency */,
			);
			name = QRCatcherTests;
			productName = QRCatcherTests;
			productReference = B3845E6921FC6254009BC4A8 /* QRCatcherTests.xctest */;
			productType = "com.apple.product-type.bundle.unit-test";
		};
/* End PBXNativeTarget section */

/* Begin PBXProject section */
		B3845E4E21FC6253009BC4A8 /* Project object */ = {
			isa = PBXProject;
			attributes = {
				LastUpgradeCheck = 1010;
				ORGANIZATIONNAME = xiaokaike;
				TargetAttributes = {
					B3845E5521FC6253009BC4A8 = {
						CreatedOnToolsVersion = 10.1;
					};
					B3845E6821FC6254009BC4A8 = {
						CreatedOnToolsVersion = 10.1;
						TestTargetID = B3845E5521FC6253009BC4A8;
					};
				};
			};
			buildConfigurationList = B3845E5121FC6253009BC4A8 /* Build configuration list for PBXProject "QRCatcher" */;
			compatibilityVersion = "Xcode 9.3";
			developmentRegion = en;
			hasScannedForEncodings = 0;
			knownRegions = (
				en,
				Base,
			);
			mainGroup = B3845E4D21FC6253009BC4A8;
			productRefGroup = B3845E5721FC6253009BC4A8 /* Products */;
			projectDirPath = "";
			projectRoot = "";
			targets = (
				B3845E5521FC6253009BC4A8 /* QRCatcher */,
				B3845E6821FC6254009BC4A8 /* QRCatcherTests */,
			);
		};
/* End PBXProject section */

/* Begin PBXResourcesBuildPhase section */
		B3845E5421FC6253009BC4A8 /* Resources */ = {
			isa = PBXResourcesBuildPhase;
			buildActionMask = 2147483647;
			files = (
				B3845E9B21FC66E8009BC4A8 /* QrCatch.png in Resources */,
				B3845E5D21FC6254009BC4A8 /* Assets.xcassets in Resources */,
				B3845E9C21FC66E8009BC4A8 /* QrCatch@2x.png in Resources */,
				B3845E9E21FC66E8009BC4A8 /* QrCatchWhite@2x.png in Resources */,
				B3845E6021FC6254009BC4A8 /* MainMenu.xib in Resources */,
				B3845E9D21FC66E8009BC4A8 /* QrCatchWhite.png in Resources */,
				B3845E9421FC66C0009BC4A8 /* ContentViewController.xib in Resources */,
			);
			runOnlyForDeploymentPostprocessing = 0;
		};
		B3845E6721FC6254009BC4A8 /* Resources */ = {
			isa = PBXResourcesBuildPhase;
			buildActionMask = 2147483647;
			files = (
			);
			runOnlyForDeploymentPostprocessing = 0;
		};
/* End PBXResourcesBuildPhase section */

/* Begin PBXSourcesBuildPhase section */
		B3845E5221FC6253009BC4A8 /* Sources */ = {
			isa = PBXSourcesBuildPhase;
			buildActionMask = 2147483647;
			files = (
				B3845E9521FC66C0009BC4A8 /* ContentViewController.m in Sources */,
				B3845E6321FC6254009BC4A8 /* main.m in Sources */,
				B3845E9021FC669F009BC4A8 /* AXStatusItemPopup.m in Sources */,
				B3845EA121FC677F009BC4A8 /* Utils.m in Sources */,
				B3845E5B21FC6253009BC4A8 /* AppDelegate.m in Sources */,
				B3845EA521FE1031009BC4A8 /* QRCodeHelper.m in Sources */,
			);
			runOnlyForDeploymentPostprocessing = 0;
		};
		B3845E6521FC6254009BC4A8 /* Sources */ = {
			isa = PBXSourcesBuildPhase;
			buildActionMask = 2147483647;
			files = (
				B3845E6E21FC6254009BC4A8 /* QRCatcherTests.m in Sources */,
			);
			runOnlyForDeploymentPostprocessing = 0;
		};
/* End PBXSourcesBuildPhase section */

/* Begin PBXTargetDependency section */
		B3845E6B21FC6254009BC4A8 /* PBXTargetDependency */ = {
			isa = PBXTargetDependency;
			target = B3845E5521FC6253009BC4A8 /* QRCatcher */;
			targetProxy = B3845E6A21FC6254009BC4A8 /* PBXContainerItemProxy */;
		};
/* End PBXTargetDependency section */

/* Begin PBXVariantGroup section */
		B3845E5E21FC6254009BC4A8 /* MainMenu.xib */ = {
			isa = PBXVariantGroup;
			children = (
				B3845E5F21FC6254009BC4A8 /* Base */,
			);
			name = MainMenu.xib;
			sourceTree = "<group>";
		};
/* End PBXVariantGroup section */

/* Begin XCBuildConfiguration section */
		B3845E7021FC6254009BC4A8 /* Debug */ = {
			isa = XCBuildConfiguration;
			buildSettings = {
				ALWAYS_SEARCH_USER_PATHS = NO;
				CLANG_ANALYZER_NONNULL = YES;
				CLANG_ANALYZER_NUMBER_OBJECT_CONVERSION = YES_AGGRESSIVE;
				CLANG_CXX_LANGUAGE_STANDARD = "gnu++14";
				CLANG_CXX_LIBRARY = "libc++";
				CLANG_ENABLE_MODULES = YES;
				CLANG_ENABLE_OBJC_ARC = YES;
				CLANG_ENABLE_OBJC_WEAK = YES;
				CLANG_WARN_BLOCK_CAPTURE_AUTORELEASING = YES;
				CLANG_WARN_BOOL_CONVERSION = YES;
				CLANG_WARN_COMMA = YES;
				CLANG_WARN_CONSTANT_CONVERSION = YES;
				CLANG_WARN_DEPRECATED_OBJC_IMPLEMENTATIONS = YES;
				CLANG_WARN_DIRECT_OBJC_ISA_USAGE = YES_ERROR;
				CLANG_WARN_DOCUMENTATION_COMMENTS = YES;
				CLANG_WARN_EMPTY_BODY = YES;
				CLANG_WARN_ENUM_CONVERSION = YES;
				CLANG_WARN_INFINITE_RECURSION = YES;
				CLANG_WARN_INT_CONVERSION = YES;
				CLANG_WARN_NON_LITERAL_NULL_CONVERSION = YES;
				CLANG_WARN_OBJC_IMPLICIT_RETAIN_SELF = YES;
				CLANG_WARN_OBJC_LITERAL_CONVERSION = YES;
				CLANG_WARN_OBJC_ROOT_CLASS = YES_ERROR;
				CLANG_WARN_RANGE_LOOP_ANALYSIS = YES;
				CLANG_WARN_STRICT_PROTOTYPES = YES;
				CLANG_WARN_SUSPICIOUS_MOVE = YES;
				CLANG_WARN_UNGUARDED_AVAILABILITY = YES_AGGRESSIVE;
				CLANG_WARN_UNREACHABLE_CODE = YES;
				CLANG_WARN__DUPLICATE_METHOD_MATCH = YES;
				CODE_SIGN_IDENTITY = "-";
				COPY_PHASE_STRIP = NO;
				DEBUG_INFORMATION_FORMAT = dwarf;
				ENABLE_STRICT_OBJC_MSGSEND = YES;
				ENABLE_TESTABILITY = YES;
				GCC_C_LANGUAGE_STANDARD = gnu11;
				GCC_DYNAMIC_NO_PIC = NO;
				GCC_NO_COMMON_BLOCKS = YES;
				GCC_OPTIMIZATION_LEVEL = 0;
				GCC_PREPROCESSOR_DEFINITIONS = (
					"DEBUG=1",
					"$(inherited)",
				);
				GCC_WARN_64_TO_32_BIT_CONVERSION = YES;
				GCC_WARN_ABOUT_RETURN_TYPE = YES_ERROR;
				GCC_WARN_UNDECLARED_SELECTOR = YES;
				GCC_WARN_UNINITIALIZED_AUTOS = YES_AGGRESSIVE;
				GCC_WARN_UNUSED_FUNCTION = YES;
				GCC_WARN_UNUSED_VARIABLE = YES;
				MACOSX_DEPLOYMENT_TARGET = 10.14;
				MTL_ENABLE_DEBUG_INFO = INCLUDE_SOURCE;
				MTL_FAST_MATH = YES;
				ONLY_ACTIVE_ARCH = YES;
				SDKROOT = macosx;
			};
			name = Debug;
		};
		B3845E7121FC6254009BC4A8 /* Release */ = {
			isa = XCBuildConfiguration;
			buildSettings = {
				ALWAYS_SEARCH_USER_PATHS = NO;
				CLANG_ANALYZER_NONNULL = YES;
				CLANG_ANALYZER_NUMBER_OBJECT_CONVERSION = YES_AGGRESSIVE;
				CLANG_CXX_LANGUAGE_STANDARD = "gnu++14";
				CLANG_CXX_LIBRARY = "libc++";
				CLANG_ENABLE_MODULES = YES;
				CLANG_ENABLE_OBJC_ARC = YES;
				CLANG_ENABLE_OBJC_WEAK = YES;
				CLANG_WARN_BLOCK_CAPTURE_AUTORELEASING = YES;
				CLANG_WARN_BOOL_CONVERSION = YES;
				CLANG_WARN_COMMA = YES;
				CLANG_WARN_CONSTANT_CONVERSION = YES;
				CLANG_WARN_DEPRECATED_OBJC_IMPLEMENTATIONS = YES;
				CLANG_WARN_DIRECT_OBJC_ISA_USAGE = YES_ERROR;
				CLANG_WARN_DOCUMENTATION_COMMENTS = YES;
				CLANG_WARN_EMPTY_BODY = YES;
				CLANG_WARN_ENUM_CONVERSION = YES;
				CLANG_WARN_INFINITE_RECURSION = YES;
				CLANG_WARN_INT_CONVERSION = YES;
				CLANG_WARN_NON_LITERAL_NULL_CONVERSION = YES;
				CLANG_WARN_OBJC_IMPLICIT_RETAIN_SELF = YES;
				CLANG_WARN_OBJC_LITERAL_CONVERSION = YES;
				CLANG_WARN_OBJC_ROOT_CLASS = YES_ERROR;
				CLANG_WARN_RANGE_LOOP_ANALYSIS = YES;
				CLANG_WARN_STRICT_PROTOTYPES = YES;
				CLANG_WARN_SUSPICIOUS_MOVE = YES;
				CLANG_WARN_UNGUARDED_AVAILABILITY = YES_AGGRESSIVE;
				CLANG_WARN_UNREACHABLE_CODE = YES;
				CLANG_WARN__DUPLICATE_METHOD_MATCH = YES;
				CODE_SIGN_IDENTITY = "-";
				COPY_PHASE_STRIP = NO;
				DEBUG_INFORMATION_FORMAT = "dwarf-with-dsym";
				ENABLE_NS_ASSERTIONS = NO;
				ENABLE_STRICT_OBJC_MSGSEND = YES;
				GCC_C_LANGUAGE_STANDARD = gnu11;
				GCC_NO_COMMON_BLOCKS = YES;
				GCC_WARN_64_TO_32_BIT_CONVERSION = YES;
				GCC_WARN_ABOUT_RETURN_TYPE = YES_ERROR;
				GCC_WARN_UNDECLARED_SELECTOR = YES;
				GCC_WARN_UNINITIALIZED_AUTOS = YES_AGGRESSIVE;
				GCC_WARN_UNUSED_FUNCTION = YES;
				GCC_WARN_UNUSED_VARIABLE = YES;
				MACOSX_DEPLOYMENT_TARGET = 10.14;
				MTL_ENABLE_DEBUG_INFO = NO;
				MTL_FAST_MATH = YES;
				SDKROOT = macosx;
			};
			name = Release;
		};
		B3845E7321FC6254009BC4A8 /* Debug */ = {
			isa = XCBuildConfiguration;
			buildSettings = {
				ASSETCATALOG_COMPILER_APPICON_NAME = AppIcon;
				CODE_SIGN_ENTITLEMENTS = QRCatcher/QRCatcher.entitlements;
				CODE_SIGN_STYLE = Automatic;
				COMBINE_HIDPI_IMAGES = YES;
				INFOPLIST_FILE = QRCatcher/Info.plist;
				LD_RUNPATH_SEARCH_PATHS = (
					"$(inherited)",
					"@executable_path/../Frameworks",
				);
				PRODUCT_BUNDLE_IDENTIFIER = com.xiaokaike.QRCatcher;
				PRODUCT_NAME = "$(TARGET_NAME)";
			};
			name = Debug;
		};
		B3845E7421FC6254009BC4A8 /* Release */ = {
			isa = XCBuildConfiguration;
			buildSettings = {
				ASSETCATALOG_COMPILER_APPICON_NAME = AppIcon;
				CODE_SIGN_ENTITLEMENTS = QRCatcher/QRCatcher.entitlements;
				CODE_SIGN_STYLE = Automatic;
				COMBINE_HIDPI_IMAGES = YES;
				INFOPLIST_FILE = QRCatcher/Info.plist;
				LD_RUNPATH_SEARCH_PATHS = (
					"$(inherited)",
					"@executable_path/../Frameworks",
				);
				PRODUCT_BUNDLE_IDENTIFIER = com.xiaokaike.QRCatcher;
				PRODUCT_NAME = "$(TARGET_NAME)";
			};
			name = Release;
		};
		B3845E7621FC6254009BC4A8 /* Debug */ = {
			isa = XCBuildConfiguration;
			buildSettings = {
				BUNDLE_LOADER = "$(TEST_HOST)";
				CODE_SIGN_STYLE = Automatic;
				COMBINE_HIDPI_IMAGES = YES;
				INFOPLIST_FILE = QRCatcherTests/Info.plist;
				LD_RUNPATH_SEARCH_PATHS = (
					"$(inherited)",
					"@executable_path/../Frameworks",
					"@loader_path/../Frameworks",
				);
				PRODUCT_BUNDLE_IDENTIFIER = com.xiaokaike.QRCatcherTests;
				PRODUCT_NAME = "$(TARGET_NAME)";
				TEST_HOST = "$(BUILT_PRODUCTS_DIR)/QRCatcher.app/Contents/MacOS/QRCatcher";
			};
			name = Debug;
		};
		B3845E7721FC6254009BC4A8 /* Release */ = {
			isa = XCBuildConfiguration;
			buildSettings = {
				BUNDLE_LOADER = "$(TEST_HOST)";
				CODE_SIGN_STYLE = Automatic;
				COMBINE_HIDPI_IMAGES = YES;
				INFOPLIST_FILE = QRCatcherTests/Info.plist;
				LD_RUNPATH_SEARCH_PATHS = (
					"$(inherited)",
					"@executable_path/../Frameworks",
					"@loader_path/../Frameworks",
				);
				PRODUCT_BUNDLE_IDENTIFIER = com.xiaokaike.QRCatcherTests;
				PRODUCT_NAME = "$(TARGET_NAME)";
				TEST_HOST = "$(BUILT_PRODUCTS_DIR)/QRCatcher.app/Contents/MacOS/QRCatcher";
			};
			name = Release;
		};
/* End XCBuildConfiguration section */

/* Begin XCConfigurationList section */
		B3845E5121FC6253009BC4A8 /* Build configuration list for PBXProject "QRCatcher" */ = {
			isa = XCConfigurationList;
			buildConfigurations = (
				B3845E7021FC6254009BC4A8 /* Debug */,
				B3845E7121FC6254009BC4A8 /* Release */,
			);
			defaultConfigurationIsVisible = 0;
			defaultConfigurationName = Release;
		};
		B3845E7221FC6254009BC4A8 /* Build configuration list for PBXNativeTarget "QRCatcher" */ = {
			isa = XCConfigurationList;
			buildConfigurations = (
				B3845E7321FC6254009BC4A8 /* Debug */,
				B3845E7421FC6254009BC4A8 /* Release */,
			);
			defaultConfigurationIsVisible = 0;
			defaultConfigurationName = Release;
		};
		B3845E7521FC6254009BC4A8 /* Build configuration list for PBXNativeTarget "QRCatcherTests" */ = {
			isa = XCConfigurationList;
			buildConfigurations = (
				B3845E7621FC6254009BC4A8 /* Debug */,
				B3845E7721FC6254009BC4A8 /* Release */,
			);
			defaultConfigurationIsVisible = 0;
			defaultConfigurationName = Release;
		};
/* End XCConfigurationList section */
	};
	rootObject = B3845E4E21FC6253009BC4A8 /* Project object */;
}
